// !$*UTF8*$!
{
	archiveVersion = 1;
	classes = {
	};
	objectVersion = 46;
	objects = {

/* Begin PBXBuildFile section */
		3FBE22991CC7CCC3008FC1A9 /* UserDefaults.swift in Sources */ = {isa = PBXBuildFile; fileRef = 3FBE22981CC7CCC3008FC1A9 /* UserDefaults.swift */; };
		6E0075631CDA4D8300627267 /* BackendlessUser.swift in Sources */ = {isa = PBXBuildFile; fileRef = 6E0075621CDA4D8300627267 /* BackendlessUser.swift */; };
		6E025C511CC82CF1000943EE /* InfoPlist.strings in Resources */ = {isa = PBXBuildFile; fileRef = 6E025C531CC82CF1000943EE /* InfoPlist.strings */; };
		6E025C561CC835A6000943EE /* Localizable.strings in Resources */ = {isa = PBXBuildFile; fileRef = 6E025C581CC835A6000943EE /* Localizable.strings */; };
		6E17913E1CBD88040003EB4A /* VideoViewController.swift in Sources */ = {isa = PBXBuildFile; fileRef = 6E17913D1CBD88040003EB4A /* VideoViewController.swift */; };
		6E1791401CBD8D010003EB4A /* VideoCell.swift in Sources */ = {isa = PBXBuildFile; fileRef = 6E17913F1CBD8D010003EB4A /* VideoCell.swift */; };
		6E2840081C90CD8C00EEF77F /* ShowViewController.swift in Sources */ = {isa = PBXBuildFile; fileRef = 6E2840071C90CD8C00EEF77F /* ShowViewController.swift */; };
		6E28400A1C90CD9D00EEF77F /* ChannelViewController.swift in Sources */ = {isa = PBXBuildFile; fileRef = 6E2840091C90CD9D00EEF77F /* ChannelViewController.swift */; };
		6E28400C1C90CE0F00EEF77F /* CollectionViewLayout.swift in Sources */ = {isa = PBXBuildFile; fileRef = 6E28400B1C90CE0F00EEF77F /* CollectionViewLayout.swift */; };
		6E28400E1C90DD1A00EEF77F /* DetailTvTableViewController.swift in Sources */ = {isa = PBXBuildFile; fileRef = 6E28400D1C90DD1A00EEF77F /* DetailTvTableViewController.swift */; };
		6E3871841BCF290C00559559 /* AppDelegate.swift in Sources */ = {isa = PBXBuildFile; fileRef = 6E3871831BCF290C00559559 /* AppDelegate.swift */; };
		6E3871891BCF290C00559559 /* Main.storyboard in Resources */ = {isa = PBXBuildFile; fileRef = 6E3871871BCF290C00559559 /* Main.storyboard */; settings = {ASSET_TAGS = (cast, ); }; };
		6E38718B1BCF290C00559559 /* Assets.xcassets in Resources */ = {isa = PBXBuildFile; fileRef = 6E38718A1BCF290C00559559 /* Assets.xcassets */; };
		6E38718E1BCF290C00559559 /* LaunchScreen.storyboard in Resources */ = {isa = PBXBuildFile; fileRef = 6E38718C1BCF290C00559559 /* LaunchScreen.storyboard */; };
		6E3871B21BCF2D5900559559 /* TvShowCell.swift in Sources */ = {isa = PBXBuildFile; fileRef = 6E3871B11BCF2D5900559559 /* TvShowCell.swift */; };
		6E3871B71BD03F8F00559559 /* DetailShowInfo.swift in Sources */ = {isa = PBXBuildFile; fileRef = 6E3871B61BD03F8F00559559 /* DetailShowInfo.swift */; };
		6E3871C21BD18E2600559559 /* AVKit.framework in Frameworks */ = {isa = PBXBuildFile; fileRef = 6E3871C11BD18E2600559559 /* AVKit.framework */; };
		6E3C01C31BE15FDA00F19E4C /* WebsiteViewController.swift in Sources */ = {isa = PBXBuildFile; fileRef = 6E3C01C21BE15FDA00F19E4C /* WebsiteViewController.swift */; };
		6E415B5D1CDA913C00C69A20 /* SignUpViewController.swift in Sources */ = {isa = PBXBuildFile; fileRef = 6E415B5C1CDA913C00C69A20 /* SignUpViewController.swift */; };
		6E468E711C750EB100EE36BD /* SwiftSpinner.swift in Sources */ = {isa = PBXBuildFile; fileRef = 6E468E701C750EB100EE36BD /* SwiftSpinner.swift */; };
		6E47A5531CBDAE9400503764 /* VideoOnDetailCell.swift in Sources */ = {isa = PBXBuildFile; fileRef = 6E47A5521CBDAE9400503764 /* VideoOnDetailCell.swift */; };
		6E4BE2C41CDBC90C0093E12C /* CustomSegue.swift in Sources */ = {isa = PBXBuildFile; fileRef = 6E4BE2C31CDBC90C0093E12C /* CustomSegue.swift */; };
		6E57DC641CD7FABD005F3BD4 /* LoginSignUp.swift in Sources */ = {isa = PBXBuildFile; fileRef = 6E57DC631CD7FABD005F3BD4 /* LoginSignUp.swift */; };
		6E5D651D1C6A81AE005F539B /* ChannelCell.swift in Sources */ = {isa = PBXBuildFile; fileRef = 6E5D651C1C6A81AE005F539B /* ChannelCell.swift */; };
		6E75074E1E2D639D003FE808 /* NetworkManager.swift in Sources */ = {isa = PBXBuildFile; fileRef = 6E75074D1E2D639D003FE808 /* NetworkManager.swift */; };
		6E7829241CAD70D80094E798 /* FavoritesViewController.swift in Sources */ = {isa = PBXBuildFile; fileRef = 6E7829231CAD70D80094E798 /* FavoritesViewController.swift */; };
		6E9949841BD5752200D50655 /* BannerCell.swift in Sources */ = {isa = PBXBuildFile; fileRef = 6E9949831BD5752200D50655 /* BannerCell.swift */; };
		6E9949861BD5753D00D50655 /* OverviewCell.swift in Sources */ = {isa = PBXBuildFile; fileRef = 6E9949851BD5753D00D50655 /* OverviewCell.swift */; };
		6E99498A1BD5755A00D50655 /* DetailsCell.swift in Sources */ = {isa = PBXBuildFile; fileRef = 6E9949891BD5755A00D50655 /* DetailsCell.swift */; };
		6E99498E1BD5757400D50655 /* SocialCell.swift in Sources */ = {isa = PBXBuildFile; fileRef = 6E99498D1BD5757400D50655 /* SocialCell.swift */; };
		6E9949921BD5759000D50655 /* ExploreCell.swift in Sources */ = {isa = PBXBuildFile; fileRef = 6E9949911BD5759000D50655 /* ExploreCell.swift */; };
		6E9949941BD5996B00D50655 /* CastInfo_Photos.swift in Sources */ = {isa = PBXBuildFile; fileRef = 6E9949931BD5996B00D50655 /* CastInfo_Photos.swift */; };
		6EA50B7E1E3555940068E9CD /* AllDetailsSowInfo.swift in Sources */ = {isa = PBXBuildFile; fileRef = 6EA50B7D1E3555940068E9CD /* AllDetailsSowInfo.swift */; };
		6EA9BE421C765DB8001591D9 /* GlobalFunctions.swift in Sources */ = {isa = PBXBuildFile; fileRef = 6EA9BE411C765DB8001591D9 /* GlobalFunctions.swift */; };
		6EAA0D771CE66B01008B54FC /* BubbleTransition.swift in Sources */ = {isa = PBXBuildFile; fileRef = 6EAA0D761CE66B01008B54FC /* BubbleTransition.swift */; };
		6EB47BFF1C8A6AB300110FBB /* colorbar.jpg in Resources */ = {isa = PBXBuildFile; fileRef = 6EB47BFE1C8A6AB300110FBB /* colorbar.jpg */; };
		6EBC3AA31E299EB600B546B7 /* jsontext in Resources */ = {isa = PBXBuildFile; fileRef = 6EBC3AA21E299EB600B546B7 /* jsontext */; };
		6EDB91451BDAE39F00FA1D33 /* CastCell.swift in Sources */ = {isa = PBXBuildFile; fileRef = 6EDB91441BDAE39F00FA1D33 /* CastCell.swift */; };
		6EDB91471BDAE45A00FA1D33 /* PhotosCell.swift in Sources */ = {isa = PBXBuildFile; fileRef = 6EDB91461BDAE45A00FA1D33 /* PhotosCell.swift */; };
		6EDB91491BDAE59000FA1D33 /* photosCollectionCell.swift in Sources */ = {isa = PBXBuildFile; fileRef = 6EDB91481BDAE59000FA1D33 /* photosCollectionCell.swift */; };
		6EDB914B1BDAE5A500FA1D33 /* castCollectionCell.swift in Sources */ = {isa = PBXBuildFile; fileRef = 6EDB914A1BDAE5A500FA1D33 /* castCollectionCell.swift */; };
		C35FCB4C46DB5A5EB933215F /* Pods_MyShowGuideRefactored.framework in Frameworks */ = {isa = PBXBuildFile; fileRef = 08A7D509C4A7CE4EFBC0CF6B /* Pods_MyShowGuideRefactored.framework */; };
/* End PBXBuildFile section */

/* Begin PBXFileReference section */
		07F8180D037C5C3A90CCDBFF /* Pods-MyShowGuideRefactored.debug.xcconfig */ = {isa = PBXFileReference; includeInIndex = 1; lastKnownFileType = text.xcconfig; name = "Pods-MyShowGuideRefactored.debug.xcconfig"; path = "Pods/Target Support Files/Pods-MyShowGuideRefactored/Pods-MyShowGuideRefactored.debug.xcconfig"; sourceTree = "<group>"; };
		08A7D509C4A7CE4EFBC0CF6B /* Pods_MyShowGuideRefactored.framework */ = {isa = PBXFileReference; explicitFileType = wrapper.framework; includeInIndex = 0; path = Pods_MyShowGuideRefactored.framework; sourceTree = BUILT_PRODUCTS_DIR; };
		3FBE22981CC7CCC3008FC1A9 /* UserDefaults.swift */ = {isa = PBXFileReference; fileEncoding = 4; lastKnownFileType = sourcecode.swift; path = UserDefaults.swift; sourceTree = "<group>"; };
		6E0075621CDA4D8300627267 /* BackendlessUser.swift */ = {isa = PBXFileReference; fileEncoding = 4; lastKnownFileType = sourcecode.swift; path = BackendlessUser.swift; sourceTree = "<group>"; };
		6E025C4D1CC817D7000943EE /* es */ = {isa = PBXFileReference; lastKnownFileType = text.plist.strings; name = es; path = es.lproj/Main.strings; sourceTree = "<group>"; };
		6E025C4E1CC817D7000943EE /* es */ = {isa = PBXFileReference; lastKnownFileType = text.plist.strings; name = es; path = es.lproj/LaunchScreen.strings; sourceTree = "<group>"; };
		6E025C521CC82CF1000943EE /* es */ = {isa = PBXFileReference; lastKnownFileType = text.plist.strings; name = es; path = es.lproj/InfoPlist.strings; sourceTree = "<group>"; };
		6E025C571CC835A6000943EE /* es */ = {isa = PBXFileReference; lastKnownFileType = text.plist.strings; name = es; path = es.lproj/Localizable.strings; sourceTree = "<group>"; };
		6E17913D1CBD88040003EB4A /* VideoViewController.swift */ = {isa = PBXFileReference; fileEncoding = 4; lastKnownFileType = sourcecode.swift; path = VideoViewController.swift; sourceTree = "<group>"; };
		6E17913F1CBD8D010003EB4A /* VideoCell.swift */ = {isa = PBXFileReference; fileEncoding = 4; lastKnownFileType = sourcecode.swift; path = VideoCell.swift; sourceTree = "<group>"; };
		6E2840071C90CD8C00EEF77F /* ShowViewController.swift */ = {isa = PBXFileReference; fileEncoding = 4; lastKnownFileType = sourcecode.swift; path = ShowViewController.swift; sourceTree = "<group>"; };
		6E2840091C90CD9D00EEF77F /* ChannelViewController.swift */ = {isa = PBXFileReference; fileEncoding = 4; lastKnownFileType = sourcecode.swift; path = ChannelViewController.swift; sourceTree = "<group>"; };
		6E28400B1C90CE0F00EEF77F /* CollectionViewLayout.swift */ = {isa = PBXFileReference; fileEncoding = 4; lastKnownFileType = sourcecode.swift; path = CollectionViewLayout.swift; sourceTree = "<group>"; };
		6E28400D1C90DD1A00EEF77F /* DetailTvTableViewController.swift */ = {isa = PBXFileReference; fileEncoding = 4; lastKnownFileType = sourcecode.swift; path = DetailTvTableViewController.swift; sourceTree = "<group>"; };
		6E3871831BCF290C00559559 /* AppDelegate.swift */ = {isa = PBXFileReference; lastKnownFileType = sourcecode.swift; path = AppDelegate.swift; sourceTree = "<group>"; };
		6E3871881BCF290C00559559 /* Base */ = {isa = PBXFileReference; lastKnownFileType = file.storyboard; name = Base; path = Base.lproj/Main.storyboard; sourceTree = "<group>"; };
		6E38718A1BCF290C00559559 /* Assets.xcassets */ = {isa = PBXFileReference; lastKnownFileType = folder.assetcatalog; path = Assets.xcassets; sourceTree = "<group>"; };
		6E38718D1BCF290C00559559 /* Base */ = {isa = PBXFileReference; lastKnownFileType = file.storyboard; name = Base; path = Base.lproj/LaunchScreen.storyboard; sourceTree = "<group>"; };
		6E38718F1BCF290C00559559 /* Info.plist */ = {isa = PBXFileReference; lastKnownFileType = text.plist.xml; path = Info.plist; sourceTree = "<group>"; };
		6E3871B11BCF2D5900559559 /* TvShowCell.swift */ = {isa = PBXFileReference; fileEncoding = 4; lastKnownFileType = sourcecode.swift; path = TvShowCell.swift; sourceTree = "<group>"; };
		6E3871B61BD03F8F00559559 /* DetailShowInfo.swift */ = {isa = PBXFileReference; fileEncoding = 4; lastKnownFileType = sourcecode.swift; path = DetailShowInfo.swift; sourceTree = "<group>"; };
		6E3871C11BD18E2600559559 /* AVKit.framework */ = {isa = PBXFileReference; lastKnownFileType = wrapper.framework; name = AVKit.framework; path = System/Library/Frameworks/AVKit.framework; sourceTree = SDKROOT; };
		6E3C01C21BE15FDA00F19E4C /* WebsiteViewController.swift */ = {isa = PBXFileReference; fileEncoding = 4; lastKnownFileType = sourcecode.swift; path = WebsiteViewController.swift; sourceTree = "<group>"; };
		6E415B5C1CDA913C00C69A20 /* SignUpViewController.swift */ = {isa = PBXFileReference; fileEncoding = 4; lastKnownFileType = sourcecode.swift; path = SignUpViewController.swift; sourceTree = "<group>"; };
		6E4500291C72437B003947AA /* MyShowGuideRefactored.app */ = {isa = PBXFileReference; explicitFileType = wrapper.application; includeInIndex = 0; path = MyShowGuideRefactored.app; sourceTree = BUILT_PRODUCTS_DIR; };
		6E468E701C750EB100EE36BD /* SwiftSpinner.swift */ = {isa = PBXFileReference; fileEncoding = 4; lastKnownFileType = sourcecode.swift; path = SwiftSpinner.swift; sourceTree = "<group>"; };
		6E47A5521CBDAE9400503764 /* VideoOnDetailCell.swift */ = {isa = PBXFileReference; fileEncoding = 4; lastKnownFileType = sourcecode.swift; path = VideoOnDetailCell.swift; sourceTree = "<group>"; };
		6E4BE2C31CDBC90C0093E12C /* CustomSegue.swift */ = {isa = PBXFileReference; fileEncoding = 4; lastKnownFileType = sourcecode.swift; name = CustomSegue.swift; path = "CustomSegues-master/CustomSegues/CustomSegue.swift"; sourceTree = "<group>"; };
		6E57DC631CD7FABD005F3BD4 /* LoginSignUp.swift */ = {isa = PBXFileReference; fileEncoding = 4; lastKnownFileType = sourcecode.swift; path = LoginSignUp.swift; sourceTree = "<group>"; };
		6E5D651C1C6A81AE005F539B /* ChannelCell.swift */ = {isa = PBXFileReference; fileEncoding = 4; lastKnownFileType = sourcecode.swift; path = ChannelCell.swift; sourceTree = "<group>"; };
		6E75074D1E2D639D003FE808 /* NetworkManager.swift */ = {isa = PBXFileReference; fileEncoding = 4; lastKnownFileType = sourcecode.swift; path = NetworkManager.swift; sourceTree = "<group>"; };
		6E7829231CAD70D80094E798 /* FavoritesViewController.swift */ = {isa = PBXFileReference; fileEncoding = 4; lastKnownFileType = sourcecode.swift; path = FavoritesViewController.swift; sourceTree = "<group>"; };
		6E9949831BD5752200D50655 /* BannerCell.swift */ = {isa = PBXFileReference; fileEncoding = 4; lastKnownFileType = sourcecode.swift; path = BannerCell.swift; sourceTree = "<group>"; };
		6E9949851BD5753D00D50655 /* OverviewCell.swift */ = {isa = PBXFileReference; fileEncoding = 4; lastKnownFileType = sourcecode.swift; path = OverviewCell.swift; sourceTree = "<group>"; };
		6E9949891BD5755A00D50655 /* DetailsCell.swift */ = {isa = PBXFileReference; fileEncoding = 4; lastKnownFileType = sourcecode.swift; path = DetailsCell.swift; sourceTree = "<group>"; };
		6E99498D1BD5757400D50655 /* SocialCell.swift */ = {isa = PBXFileReference; fileEncoding = 4; lastKnownFileType = sourcecode.swift; path = SocialCell.swift; sourceTree = "<group>"; };
		6E9949911BD5759000D50655 /* ExploreCell.swift */ = {isa = PBXFileReference; fileEncoding = 4; lastKnownFileType = sourcecode.swift; path = ExploreCell.swift; sourceTree = "<group>"; };
		6E9949931BD5996B00D50655 /* CastInfo_Photos.swift */ = {isa = PBXFileReference; fileEncoding = 4; lastKnownFileType = sourcecode.swift; path = CastInfo_Photos.swift; sourceTree = "<group>"; };
		6EA50B7D1E3555940068E9CD /* AllDetailsSowInfo.swift */ = {isa = PBXFileReference; fileEncoding = 4; lastKnownFileType = sourcecode.swift; path = AllDetailsSowInfo.swift; sourceTree = "<group>"; };
		6EA9BE411C765DB8001591D9 /* GlobalFunctions.swift */ = {isa = PBXFileReference; fileEncoding = 4; lastKnownFileType = sourcecode.swift; path = GlobalFunctions.swift; sourceTree = "<group>"; };
		6EAA0D761CE66B01008B54FC /* BubbleTransition.swift */ = {isa = PBXFileReference; fileEncoding = 4; lastKnownFileType = sourcecode.swift; path = BubbleTransition.swift; sourceTree = "<group>"; };
		6EB47BFE1C8A6AB300110FBB /* colorbar.jpg */ = {isa = PBXFileReference; lastKnownFileType = image.jpeg; name = colorbar.jpg; path = Assets.xcassets/colorbar.jpg; sourceTree = "<group>"; };
		6EBC3AA21E299EB600B546B7 /* jsontext */ = {isa = PBXFileReference; fileEncoding = 4; lastKnownFileType = text; path = jsontext; sourceTree = "<group>"; };
		6EDB91441BDAE39F00FA1D33 /* CastCell.swift */ = {isa = PBXFileReference; fileEncoding = 4; lastKnownFileType = sourcecode.swift; path = CastCell.swift; sourceTree = "<group>"; };
		6EDB91461BDAE45A00FA1D33 /* PhotosCell.swift */ = {isa = PBXFileReference; fileEncoding = 4; lastKnownFileType = sourcecode.swift; path = PhotosCell.swift; sourceTree = "<group>"; };
		6EDB91481BDAE59000FA1D33 /* photosCollectionCell.swift */ = {isa = PBXFileReference; fileEncoding = 4; lastKnownFileType = sourcecode.swift; path = photosCollectionCell.swift; sourceTree = "<group>"; };
		6EDB914A1BDAE5A500FA1D33 /* castCollectionCell.swift */ = {isa = PBXFileReference; fileEncoding = 4; lastKnownFileType = sourcecode.swift; path = castCollectionCell.swift; sourceTree = "<group>"; };
		C609705FEF3CE9D60CFE11DB /* Pods-MyShowGuideRefactored.release.xcconfig */ = {isa = PBXFileReference; includeInIndex = 1; lastKnownFileType = text.xcconfig; name = "Pods-MyShowGuideRefactored.release.xcconfig"; path = "Pods/Target Support Files/Pods-MyShowGuideRefactored/Pods-MyShowGuideRefactored.release.xcconfig"; sourceTree = "<group>"; };
		D573812DA0EC45C815122B6C /* Pods.framework */ = {isa = PBXFileReference; explicitFileType = wrapper.framework; includeInIndex = 0; path = Pods.framework; sourceTree = BUILT_PRODUCTS_DIR; };
/* End PBXFileReference section */

/* Begin PBXFrameworksBuildPhase section */
		6E38717D1BCF290C00559559 /* Frameworks */ = {
			isa = PBXFrameworksBuildPhase;
			buildActionMask = 2147483647;
			files = (
				6E3871C21BD18E2600559559 /* AVKit.framework in Frameworks */,
				C35FCB4C46DB5A5EB933215F /* Pods_MyShowGuideRefactored.framework in Frameworks */,
			);
			runOnlyForDeploymentPostprocessing = 0;
		};
/* End PBXFrameworksBuildPhase section */

/* Begin PBXGroup section */
		5B331B8C9B59A90439A64FD7 /* Frameworks */ = {
			isa = PBXGroup;
			children = (
				6E3871C11BD18E2600559559 /* AVKit.framework */,
				D573812DA0EC45C815122B6C /* Pods.framework */,
				08A7D509C4A7CE4EFBC0CF6B /* Pods_MyShowGuideRefactored.framework */,
			);
			name = Frameworks;
			sourceTree = "<group>";
		};
		6E3871771BCF290C00559559 = {
			isa = PBXGroup;
			children = (
				6EBC3AA21E299EB600B546B7 /* jsontext */,
				6E4500291C72437B003947AA /* MyShowGuideRefactored.app */,
				6E3871821BCF290C00559559 /* MyShowGuideRefactored */,
				5B331B8C9B59A90439A64FD7 /* Frameworks */,
				FF0F1BE5211DDA7771AADD00 /* Pods */,
			);
			sourceTree = "<group>";
		};
		6E3871821BCF290C00559559 /* MyShowGuideRefactored */ = {
			isa = PBXGroup;
			children = (
				6E38718C1BCF290C00559559 /* LaunchScreen.storyboard */,
				6E3871871BCF290C00559559 /* Main.storyboard */,
				6E3871B41BCF2D7700559559 /* Controllers */,
				6E9678011DF75AA40027FBF1 /* Objects */,
				6E3871B51BCF2D8300559559 /* Helpers */,
				6E9678001DF748B40027FBF1 /* Assets */,
				6E9677FF1DF748600027FBF1 /* System */,
				6E3871B31BCF2D7100559559 /* Views */,
			);
			path = MyShowGuideRefactored;
			sourceTree = "<group>";
		};
		6E3871B31BCF2D7100559559 /* Views */ = {
			isa = PBXGroup;
			children = (
				6EF5B3471BE016AC0073A9CF /* CollectionView Cells */,
				6E3871B11BCF2D5900559559 /* TvShowCell.swift */,
				6E9949831BD5752200D50655 /* BannerCell.swift */,
				6E9949851BD5753D00D50655 /* OverviewCell.swift */,
				6E9949891BD5755A00D50655 /* DetailsCell.swift */,
				6E99498D1BD5757400D50655 /* SocialCell.swift */,
				6E9949911BD5759000D50655 /* ExploreCell.swift */,
				6EDB91441BDAE39F00FA1D33 /* CastCell.swift */,
				6EDB91461BDAE45A00FA1D33 /* PhotosCell.swift */,
				6E5D651C1C6A81AE005F539B /* ChannelCell.swift */,
				6E17913F1CBD8D010003EB4A /* VideoCell.swift */,
				6E47A5521CBDAE9400503764 /* VideoOnDetailCell.swift */,
			);
			name = Views;
			sourceTree = "<group>";
		};
		6E3871B41BCF2D7700559559 /* Controllers */ = {
			isa = PBXGroup;
			children = (
				6E28400B1C90CE0F00EEF77F /* CollectionViewLayout.swift */,
				6E2840091C90CD9D00EEF77F /* ChannelViewController.swift */,
				6E2840071C90CD8C00EEF77F /* ShowViewController.swift */,
				6E28400D1C90DD1A00EEF77F /* DetailTvTableViewController.swift */,
				6E3C01C21BE15FDA00F19E4C /* WebsiteViewController.swift */,
				6E7829231CAD70D80094E798 /* FavoritesViewController.swift */,
				6E17913D1CBD88040003EB4A /* VideoViewController.swift */,
				6E57DC631CD7FABD005F3BD4 /* LoginSignUp.swift */,
				6E415B5C1CDA913C00C69A20 /* SignUpViewController.swift */,
			);
			name = Controllers;
			sourceTree = "<group>";
		};
		6E3871B51BCF2D8300559559 /* Helpers */ = {
			isa = PBXGroup;
			children = (
				6EAA0D761CE66B01008B54FC /* BubbleTransition.swift */,
				6E4BE2C31CDBC90C0093E12C /* CustomSegue.swift */,
				6E0075621CDA4D8300627267 /* BackendlessUser.swift */,
				6E468E701C750EB100EE36BD /* SwiftSpinner.swift */,
				6EA9BE411C765DB8001591D9 /* GlobalFunctions.swift */,
				3FBE22981CC7CCC3008FC1A9 /* UserDefaults.swift */,
				6E75074D1E2D639D003FE808 /* NetworkManager.swift */,
			);
			name = Helpers;
			sourceTree = "<group>";
		};
		6E9677FF1DF748600027FBF1 /* System */ = {
			isa = PBXGroup;
			children = (
				6E3871831BCF290C00559559 /* AppDelegate.swift */,
				6E38718F1BCF290C00559559 /* Info.plist */,
				6E025C581CC835A6000943EE /* Localizable.strings */,
				6E025C531CC82CF1000943EE /* InfoPlist.strings */,
			);
			name = System;
			sourceTree = "<group>";
		};
		6E9678001DF748B40027FBF1 /* Assets */ = {
			isa = PBXGroup;
			children = (
				6EB47BFE1C8A6AB300110FBB /* colorbar.jpg */,
				6E38718A1BCF290C00559559 /* Assets.xcassets */,
			);
			name = Assets;
			sourceTree = "<group>";
		};
		6E9678011DF75AA40027FBF1 /* Objects */ = {
			isa = PBXGroup;
			children = (
				6E3871B61BD03F8F00559559 /* DetailShowInfo.swift */,
				6E9949931BD5996B00D50655 /* CastInfo_Photos.swift */,
				6EA50B7D1E3555940068E9CD /* AllDetailsSowInfo.swift */,
			);
			name = Objects;
			sourceTree = "<group>";
		};
		6EF5B3471BE016AC0073A9CF /* CollectionView Cells */ = {
			isa = PBXGroup;
			children = (
				6EDB91481BDAE59000FA1D33 /* photosCollectionCell.swift */,
				6EDB914A1BDAE5A500FA1D33 /* castCollectionCell.swift */,
			);
			name = "CollectionView Cells";
			sourceTree = "<group>";
		};
		FF0F1BE5211DDA7771AADD00 /* Pods */ = {
			isa = PBXGroup;
			children = (
				07F8180D037C5C3A90CCDBFF /* Pods-MyShowGuideRefactored.debug.xcconfig */,
				C609705FEF3CE9D60CFE11DB /* Pods-MyShowGuideRefactored.release.xcconfig */,
			);
			name = Pods;
			sourceTree = "<group>";
		};
/* End PBXGroup section */

/* Begin PBXNativeTarget section */
		6E38717F1BCF290C00559559 /* MyShowGuideRefactored */ = {
			isa = PBXNativeTarget;
			buildConfigurationList = 6E3871A81BCF290C00559559 /* Build configuration list for PBXNativeTarget "MyShowGuideRefactored" */;
			buildPhases = (
				88F3047E2D924CD53865CE52 /* [CP] Check Pods Manifest.lock */,
				6E38717C1BCF290C00559559 /* Sources */,
				6E38717D1BCF290C00559559 /* Frameworks */,
				6E38717E1BCF290C00559559 /* Resources */,
				A108DB4BBF407CD0C2E211CF /* [CP] Embed Pods Frameworks */,
				0D12DD8D430FEABEBB8F64AD /* [CP] Copy Pods Resources */,
			);
			buildRules = (
			);
			dependencies = (
			);
			name = MyShowGuideRefactored;
			productName = MyShowGuideRefactored;
			productReference = 6E4500291C72437B003947AA /* MyShowGuideRefactored.app */;
			productType = "com.apple.product-type.application";
		};
/* End PBXNativeTarget section */

/* Begin PBXProject section */
		6E3871781BCF290C00559559 /* Project object */ = {
			isa = PBXProject;
			attributes = {
				KnownAssetTags = (
					cast,
				);
				LastSwiftUpdateCheck = 0730;
				LastUpgradeCheck = 0810;
				ORGANIZATIONNAME = "Justin Doo";
				TargetAttributes = {
					6E38717F1BCF290C00559559 = {
						CreatedOnToolsVersion = 7.0.1;
						DevelopmentTeam = 8W3UY4SPV9;
						LastSwiftMigration = 0810;
					};
				};
			};
			buildConfigurationList = 6E38717B1BCF290C00559559 /* Build configuration list for PBXProject "MyShowGuideRefactored" */;
			compatibilityVersion = "Xcode 3.2";
			developmentRegion = English;
			hasScannedForEncodings = 0;
			knownRegions = (
				en,
				Base,
			);
			mainGroup = 6E3871771BCF290C00559559;
			productRefGroup = 6E3871771BCF290C00559559;
			projectDirPath = "";
			projectRoot = "";
			targets = (
				6E38717F1BCF290C00559559 /* MyShowGuideRefactored */,
			);
		};
/* End PBXProject section */

/* Begin PBXResourcesBuildPhase section */
		6E38717E1BCF290C00559559 /* Resources */ = {
			isa = PBXResourcesBuildPhase;
			buildActionMask = 2147483647;
			files = (
				6EB47BFF1C8A6AB300110FBB /* colorbar.jpg in Resources */,
				6E025C511CC82CF1000943EE /* InfoPlist.strings in Resources */,
				6E38718E1BCF290C00559559 /* LaunchScreen.storyboard in Resources */,
				6E025C561CC835A6000943EE /* Localizable.strings in Resources */,
				6E38718B1BCF290C00559559 /* Assets.xcassets in Resources */,
				6EBC3AA31E299EB600B546B7 /* jsontext in Resources */,
				6E3871891BCF290C00559559 /* Main.storyboard in Resources */,
			);
			runOnlyForDeploymentPostprocessing = 0;
		};
/* End PBXResourcesBuildPhase section */

/* Begin PBXShellScriptBuildPhase section */
		0D12DD8D430FEABEBB8F64AD /* [CP] Copy Pods Resources */ = {
			isa = PBXShellScriptBuildPhase;
			buildActionMask = 2147483647;
			files = (
			);
			inputPaths = (
			);
			name = "[CP] Copy Pods Resources";
			outputPaths = (
			);
			runOnlyForDeploymentPostprocessing = 0;
			shellPath = /bin/sh;
			shellScript = "\"${SRCROOT}/Pods/Target Support Files/Pods-MyShowGuideRefactored/Pods-MyShowGuideRefactored-resources.sh\"\n";
			showEnvVarsInLog = 0;
		};
		88F3047E2D924CD53865CE52 /* [CP] Check Pods Manifest.lock */ = {
			isa = PBXShellScriptBuildPhase;
			buildActionMask = 2147483647;
			files = (
			);
			inputPaths = (
			);
			name = "[CP] Check Pods Manifest.lock";
			outputPaths = (
			);
			runOnlyForDeploymentPostprocessing = 0;
			shellPath = /bin/sh;
			shellScript = "diff \"${PODS_ROOT}/../Podfile.lock\" \"${PODS_ROOT}/Manifest.lock\" > /dev/null\nif [ $? != 0 ] ; then\n    # print error to STDERR\n    echo \"error: The sandbox is not in sync with the Podfile.lock. Run 'pod install' or update your CocoaPods installation.\" >&2\n    exit 1\nfi\n";
			showEnvVarsInLog = 0;
		};
		A108DB4BBF407CD0C2E211CF /* [CP] Embed Pods Frameworks */ = {
			isa = PBXShellScriptBuildPhase;
			buildActionMask = 2147483647;
			files = (
			);
			inputPaths = (
			);
			name = "[CP] Embed Pods Frameworks";
			outputPaths = (
			);
			runOnlyForDeploymentPostprocessing = 0;
			shellPath = /bin/sh;
			shellScript = "\"${SRCROOT}/Pods/Target Support Files/Pods-MyShowGuideRefactored/Pods-MyShowGuideRefactored-frameworks.sh\"\n";
			showEnvVarsInLog = 0;
		};
/* End PBXShellScriptBuildPhase section */

/* Begin PBXSourcesBuildPhase section */
		6E38717C1BCF290C00559559 /* Sources */ = {
			isa = PBXSourcesBuildPhase;
			buildActionMask = 2147483647;
			files = (
				3FBE22991CC7CCC3008FC1A9 /* UserDefaults.swift in Sources */,
				6EA9BE421C765DB8001591D9 /* GlobalFunctions.swift in Sources */,
				6E3C01C31BE15FDA00F19E4C /* WebsiteViewController.swift in Sources */,
				6E9949941BD5996B00D50655 /* CastInfo_Photos.swift in Sources */,
				6E5D651D1C6A81AE005F539B /* ChannelCell.swift in Sources */,
				6EDB91471BDAE45A00FA1D33 /* PhotosCell.swift in Sources */,
				6EAA0D771CE66B01008B54FC /* BubbleTransition.swift in Sources */,
				6E99498A1BD5755A00D50655 /* DetailsCell.swift in Sources */,
				6E9949841BD5752200D50655 /* BannerCell.swift in Sources */,
				6E1791401CBD8D010003EB4A /* VideoCell.swift in Sources */,
				6E3871B21BCF2D5900559559 /* TvShowCell.swift in Sources */,
				6E415B5D1CDA913C00C69A20 /* SignUpViewController.swift in Sources */,
				6E99498E1BD5757400D50655 /* SocialCell.swift in Sources */,
				6E9949861BD5753D00D50655 /* OverviewCell.swift in Sources */,
				6E4BE2C41CDBC90C0093E12C /* CustomSegue.swift in Sources */,
				6E7829241CAD70D80094E798 /* FavoritesViewController.swift in Sources */,
				6E47A5531CBDAE9400503764 /* VideoOnDetailCell.swift in Sources */,
				6E3871841BCF290C00559559 /* AppDelegate.swift in Sources */,
				6EDB91491BDAE59000FA1D33 /* photosCollectionCell.swift in Sources */,
				6E57DC641CD7FABD005F3BD4 /* LoginSignUp.swift in Sources */,
				6E75074E1E2D639D003FE808 /* NetworkManager.swift in Sources */,
				6E3871B71BD03F8F00559559 /* DetailShowInfo.swift in Sources */,
				6E28400C1C90CE0F00EEF77F /* CollectionViewLayout.swift in Sources */,
				6E468E711C750EB100EE36BD /* SwiftSpinner.swift in Sources */,
				6EDB91451BDAE39F00FA1D33 /* CastCell.swift in Sources */,
				6E17913E1CBD88040003EB4A /* VideoViewController.swift in Sources */,
				6EDB914B1BDAE5A500FA1D33 /* castCollectionCell.swift in Sources */,
				6E9949921BD5759000D50655 /* ExploreCell.swift in Sources */,
				6EA50B7E1E3555940068E9CD /* AllDetailsSowInfo.swift in Sources */,
				6E0075631CDA4D8300627267 /* BackendlessUser.swift in Sources */,
				6E28400A1C90CD9D00EEF77F /* ChannelViewController.swift in Sources */,
				6E28400E1C90DD1A00EEF77F /* DetailTvTableViewController.swift in Sources */,
				6E2840081C90CD8C00EEF77F /* ShowViewController.swift in Sources */,
			);
			runOnlyForDeploymentPostprocessing = 0;
		};
/* End PBXSourcesBuildPhase section */

/* Begin PBXVariantGroup section */
		6E025C531CC82CF1000943EE /* InfoPlist.strings */ = {
			isa = PBXVariantGroup;
			children = (
				6E025C521CC82CF1000943EE /* es */,
			);
			name = InfoPlist.strings;
			sourceTree = "<group>";
		};
		6E025C581CC835A6000943EE /* Localizable.strings */ = {
			isa = PBXVariantGroup;
			children = (
				6E025C571CC835A6000943EE /* es */,
			);
			name = Localizable.strings;
			sourceTree = "<group>";
		};
		6E3871871BCF290C00559559 /* Main.storyboard */ = {
			isa = PBXVariantGroup;
			children = (
				6E3871881BCF290C00559559 /* Base */,
				6E025C4D1CC817D7000943EE /* es */,
			);
			name = Main.storyboard;
			sourceTree = "<group>";
		};
		6E38718C1BCF290C00559559 /* LaunchScreen.storyboard */ = {
			isa = PBXVariantGroup;
			children = (
				6E38718D1BCF290C00559559 /* Base */,
				6E025C4E1CC817D7000943EE /* es */,
			);
			name = LaunchScreen.storyboard;
			sourceTree = "<group>";
		};
/* End PBXVariantGroup section */

/* Begin XCBuildConfiguration section */
		6E3871A61BCF290C00559559 /* Debug */ = {
			isa = XCBuildConfiguration;
			buildSettings = {
				ALWAYS_SEARCH_USER_PATHS = NO;
				CLANG_ANALYZER_LOCALIZABILITY_NONLOCALIZED = YES;
				CLANG_CXX_LANGUAGE_STANDARD = "gnu++0x";
				CLANG_CXX_LIBRARY = "libc++";
				CLANG_ENABLE_MODULES = YES;
				CLANG_ENABLE_OBJC_ARC = YES;
				CLANG_WARN_BOOL_CONVERSION = YES;
				CLANG_WARN_CONSTANT_CONVERSION = YES;
				CLANG_WARN_DIRECT_OBJC_ISA_USAGE = YES_ERROR;
				CLANG_WARN_EMPTY_BODY = YES;
				CLANG_WARN_ENUM_CONVERSION = YES;
				CLANG_WARN_INFINITE_RECURSION = YES;
				CLANG_WARN_INT_CONVERSION = YES;
				CLANG_WARN_OBJC_ROOT_CLASS = YES_ERROR;
				CLANG_WARN_SUSPICIOUS_MOVE = YES;
				CLANG_WARN_UNREACHABLE_CODE = YES;
				CLANG_WARN__DUPLICATE_METHOD_MATCH = YES;
				"CODE_SIGN_IDENTITY[sdk=iphoneos*]" = "iPhone Developer";
				COPY_PHASE_STRIP = NO;
				DEBUG_INFORMATION_FORMAT = dwarf;
				ENABLE_STRICT_OBJC_MSGSEND = YES;
				ENABLE_TESTABILITY = YES;
				GCC_C_LANGUAGE_STANDARD = gnu99;
				GCC_DYNAMIC_NO_PIC = NO;
				GCC_NO_COMMON_BLOCKS = YES;
				GCC_OPTIMIZATION_LEVEL = 0;
				GCC_PREPROCESSOR_DEFINITIONS = (
					"DEBUG=1",
					"$(inherited)",
				);
				GCC_WARN_64_TO_32_BIT_CONVERSION = YES;
				GCC_WARN_ABOUT_RETURN_TYPE = YES_ERROR;
				GCC_WARN_UNDECLARED_SELECTOR = YES;
				GCC_WARN_UNINITIALIZED_AUTOS = YES_AGGRESSIVE;
				GCC_WARN_UNUSED_FUNCTION = YES;
				GCC_WARN_UNUSED_VARIABLE = YES;
				IPHONEOS_DEPLOYMENT_TARGET = 9.0;
				MTL_ENABLE_DEBUG_INFO = YES;
				ONLY_ACTIVE_ARCH = YES;
				SDKROOT = iphoneos;
				SWIFT_OPTIMIZATION_LEVEL = "-Onone";
				TARGETED_DEVICE_FAMILY = "1,2";
			};
			name = Debug;
		};
		6E3871A71BCF290C00559559 /* Release */ = {
			isa = XCBuildConfiguration;
			buildSettings = {
				ALWAYS_SEARCH_USER_PATHS = NO;
				CLANG_ANALYZER_LOCALIZABILITY_NONLOCALIZED = YES;
				CLANG_CXX_LANGUAGE_STANDARD = "gnu++0x";
				CLANG_CXX_LIBRARY = "libc++";
				CLANG_ENABLE_MODULES = YES;
				CLANG_ENABLE_OBJC_ARC = YES;
				CLANG_WARN_BOOL_CONVERSION = YES;
				CLANG_WARN_CONSTANT_CONVERSION = YES;
				CLANG_WARN_DIRECT_OBJC_ISA_USAGE = YES_ERROR;
				CLANG_WARN_EMPTY_BODY = YES;
				CLANG_WARN_ENUM_CONVERSION = YES;
				CLANG_WARN_INFINITE_RECURSION = YES;
				CLANG_WARN_INT_CONVERSION = YES;
				CLANG_WARN_OBJC_ROOT_CLASS = YES_ERROR;
				CLANG_WARN_SUSPICIOUS_MOVE = YES;
				CLANG_WARN_UNREACHABLE_CODE = YES;
				CLANG_WARN__DUPLICATE_METHOD_MATCH = YES;
				"CODE_SIGN_IDENTITY[sdk=iphoneos*]" = "iPhone Developer";
				COPY_PHASE_STRIP = NO;
				DEBUG_INFORMATION_FORMAT = "dwarf-with-dsym";
				ENABLE_NS_ASSERTIONS = NO;
				ENABLE_STRICT_OBJC_MSGSEND = YES;
				GCC_C_LANGUAGE_STANDARD = gnu99;
				GCC_NO_COMMON_BLOCKS = YES;
				GCC_WARN_64_TO_32_BIT_CONVERSION = YES;
				GCC_WARN_ABOUT_RETURN_TYPE = YES_ERROR;
				GCC_WARN_UNDECLARED_SELECTOR = YES;
				GCC_WARN_UNINITIALIZED_AUTOS = YES_AGGRESSIVE;
				GCC_WARN_UNUSED_FUNCTION = YES;
				GCC_WARN_UNUSED_VARIABLE = YES;
				IPHONEOS_DEPLOYMENT_TARGET = 9.0;
				MTL_ENABLE_DEBUG_INFO = NO;
				SDKROOT = iphoneos;
				SWIFT_OPTIMIZATION_LEVEL = "-Owholemodule";
				TARGETED_DEVICE_FAMILY = "1,2";
				VALIDATE_PRODUCT = YES;
			};
			name = Release;
		};
		6E3871A91BCF290C00559559 /* Debug */ = {
			isa = XCBuildConfiguration;
			baseConfigurationReference = 07F8180D037C5C3A90CCDBFF /* Pods-MyShowGuideRefactored.debug.xcconfig */;
			buildSettings = {
				ALWAYS_EMBED_SWIFT_STANDARD_LIBRARIES = "$(inherited)";
				ASSETCATALOG_COMPILER_APPICON_NAME = AppIcon;
				CODE_SIGN_IDENTITY = "iPhone Developer";
				"CODE_SIGN_IDENTITY[sdk=iphoneos*]" = "iPhone Developer";
				FRAMEWORK_SEARCH_PATHS = (
					"$(SRCROOT)",
					"$(inherited)",
				);
				INFOPLIST_FILE = MyShowGuideRefactored/Info.plist;
				IPHONEOS_DEPLOYMENT_TARGET = 9.0;
				LD_RUNPATH_SEARCH_PATHS = "$(inherited) @executable_path/Frameworks";
				PRODUCT_BUNDLE_IDENTIFIER = "com.jdoo.GuideBoxGuideNew1-0";
				PRODUCT_NAME = MyShowGuideRefactored;
				PROVISIONING_PROFILE = "";
				SWIFT_OBJC_BRIDGING_HEADER = "${PODS_ROOT}/Headers/Public/Backendless-ios-SDK/Backendless-With-Media-Bridging-Header.h";
				SWIFT_VERSION = 3.0;
				TARGETED_DEVICE_FAMILY = "1,2";
				"TEST_HOST[sdk=*]" = "";
				USER_HEADER_SEARCH_PATHS = "$(SRCROOT)";
			};
			name = Debug;
		};
		6E3871AA1BCF290C00559559 /* Release */ = {
			isa = XCBuildConfiguration;
			baseConfigurationReference = C609705FEF3CE9D60CFE11DB /* Pods-MyShowGuideRefactored.release.xcconfig */;
			buildSettings = {
				ALWAYS_EMBED_SWIFT_STANDARD_LIBRARIES = "$(inherited)";
				ASSETCATALOG_COMPILER_APPICON_NAME = AppIcon;
				CODE_SIGN_IDENTITY = "iPhone Developer";
				"CODE_SIGN_IDENTITY[sdk=iphoneos*]" = "iPhone Developer";
				FRAMEWORK_SEARCH_PATHS = (
					"$(SRCROOT)",
					"$(inherited)",
				);
				INFOPLIST_FILE = MyShowGuideRefactored/Info.plist;
				IPHONEOS_DEPLOYMENT_TARGET = 9.0;
				LD_RUNPATH_SEARCH_PATHS = "$(inherited) @executable_path/Frameworks";
				PRODUCT_BUNDLE_IDENTIFIER = "com.jdoo.GuideBoxGuideNew1-0";
				PRODUCT_NAME = MyShowGuideRefactored;
				PROVISIONING_PROFILE = "";
				SWIFT_OBJC_BRIDGING_HEADER = "${PODS_ROOT}/Headers/Public/Backendless-ios-SDK/Backendless-With-Media-Bridging-Header.h";
				SWIFT_VERSION = 3.0;
				TARGETED_DEVICE_FAMILY = "1,2";
				"TEST_HOST[sdk=*]" = "";
				USER_HEADER_SEARCH_PATHS = "$(SRCROOT)";
			};
			name = Release;
		};
/* End XCBuildConfiguration section */

/* Begin XCConfigurationList section */
		6E38717B1BCF290C00559559 /* Build configuration list for PBXProject "MyShowGuideRefactored" */ = {
			isa = XCConfigurationList;
			buildConfigurations = (
				6E3871A61BCF290C00559559 /* Debug */,
				6E3871A71BCF290C00559559 /* Release */,
			);
			defaultConfigurationIsVisible = 0;
			defaultConfigurationName = Release;
		};
		6E3871A81BCF290C00559559 /* Build configuration list for PBXNativeTarget "MyShowGuideRefactored" */ = {
			isa = XCConfigurationList;
			buildConfigurations = (
				6E3871A91BCF290C00559559 /* Debug */,
				6E3871AA1BCF290C00559559 /* Release */,
			);
			defaultConfigurationIsVisible = 0;
			defaultConfigurationName = Release;
		};
/* End XCConfigurationList section */
	};
	rootObject = 6E3871781BCF290C00559559 /* Project object */;
}
